
Microsoft Visual Studio Solution File, Format Version 12.00
# Visual Studio 14
VisualStudioVersion = 14.0.25420.1
MinimumVisualStudioVersion = 10.0.40219.1
Project("{FAE04EC0-301F-11D3-BF4B-00C04F79EFBC}") = "MerkleTree", "MerkleTree.csproj", "{358A7214-D45D-4743-99ED-02A81C4B8617}"
EndProject
Project("{FAE04EC0-301F-11D3-BF4B-00C04F79EFBC}") = "MerkleTests", "MerkleTests\MerkleTests.csproj", "{8F3CBD5B-032E-4C5E-BE50-2488487CDDE4}"
EndProject
Project("{FAE04EC0-301F-11D3-BF4B-00C04F79EFBC}") = "MerkleTreeDemo", "MerkleTreeDemo\MerkleTreeDemo.csproj", "{93F41679-C579-4FC4-ADF2-8EAD81814AAE}"
EndProject
Global
	GlobalSection(SolutionConfigurationPlatforms) = preSolution
		Debug|Any CPU = Debug|Any CPU
		Release|Any CPU = Release|Any CPU
	EndGlobalSection
	GlobalSection(ProjectConfigurationPlatforms) = postSolution
		{358A7214-D45D-4743-99ED-02A81C4B8617}.Debug|Any CPU.ActiveCfg = Debug|Any CPU
		{358A7214-D45D-4743-99ED-02A81C4B8617}.Debug|Any CPU.Build.0 = Debug|Any CPU
		{358A7214-D45D-4743-99ED-02A81C4B8617}.Release|Any CPU.ActiveCfg = Release|Any CPU
		{358A7214-D45D-4743-99ED-02A81C4B8617}.Release|Any CPU.Build.0 = Release|Any CPU
		{8F3CBD5B-032E-4C5E-BE50-2488487CDDE4}.Debug|Any CPU.ActiveCfg = Debug|Any CPU
		{8F3CBD5B-032E-4C5E-BE50-2488487CDDE4}.Debug|Any CPU.Build.0 = Debug|Any CPU
		{8F3CBD5B-032E-4C5E-BE50-2488487CDDE4}.Release|Any CPU.ActiveCfg = Release|Any CPU
		{8F3CBD5B-032E-4C5E-BE50-2488487CDDE4}.Release|Any CPU.Build.0 = Release|Any CPU
		{93F41679-C579-4FC4-ADF2-8EAD81814AAE}.Debug|Any CPU.ActiveCfg = Debug|Any CPU
		{93F41679-C579-4FC4-ADF2-8EAD81814AAE}.Debug|Any CPU.Build.0 = Debug|Any CPU
		{93F41679-C579-4FC4-ADF2-8EAD81814AAE}.Release|Any CPU.ActiveCfg = Release|Any CPU
		{93F41679-C579-4FC4-ADF2-8EAD81814AAE}.Release|Any CPU.Build.0 = Release|Any CPU
	EndGlobalSection
	GlobalSection(SolutionProperties) = preSolution
		HideSolutionNode = FALSE
	EndGlobalSection
EndGlobal
